
Microsoft Visual Studio Solution File, Format Version 12.00
# Visual Studio Version 17
VisualStudioVersion = 17.11.35327.3
MinimumVisualStudioVersion = 10.0.40219.1
Project("{FAE04EC0-301F-11D3-BF4B-00C04F79EFBC}") = "RobolineSoftlabApp", "RobolineSoftlabApp\RobolineSoftlabApp.csproj", "{3599CA6B-D4C8-4FF8-8EF4-06CEFA05BD50}"
EndProject
Global
	GlobalSection(SolutionConfigurationPlatforms) = preSolution
		Debug|Any CPU = Debug|Any CPU
		Release|Any CPU = Release|Any CPU
	EndGlobalSection
	GlobalSection(ProjectConfigurationPlatforms) = postSolution
		{3599CA6B-D4C8-4FF8-8EF4-06CEFA05BD50}.Debug|Any CPU.ActiveCfg = Debug|Any CPU
		{3599CA6B-D4C8-4FF8-8EF4-06CEFA05BD50}.Debug|Any CPU.Build.0 = Debug|Any CPU
		{3599CA6B-D4C8-4FF8-8EF4-06CEFA05BD50}.Release|Any CPU.ActiveCfg = Release|Any CPU
		{3599CA6B-D4C8-4FF8-8EF4-06CEFA05BD50}.Release|Any CPU.Build.0 = Release|Any CPU
	EndGlobalSection
	GlobalSection(SolutionProperties) = preSolution
		HideSolutionNode = FALSE
	EndGlobalSection
	GlobalSection(ExtensibilityGlobals) = postSolution
		SolutionGuid = {C131A768-3424-4651-857F-A4FB42FD4C66}
	EndGlobalSection
EndGlobal
